// !$*UTF8*$!
{
	archiveVersion = 1;
	classes = {
	};
	objectVersion = 56;
	objects = {

/* Begin PBXBuildFile section */
		B503598529A8CABA00832023 /* LayeredPackagesApp.swift in Sources */ = {isa = PBXBuildFile; fileRef = B503598429A8CABA00832023 /* LayeredPackagesApp.swift */; };
		B503598729A8CABA00832023 /* ContentView.swift in Sources */ = {isa = PBXBuildFile; fileRef = B503598629A8CABA00832023 /* ContentView.swift */; };
		B503598929A8CABB00832023 /* Assets.xcassets in Resources */ = {isa = PBXBuildFile; fileRef = B503598829A8CABB00832023 /* Assets.xcassets */; };
		B503598D29A8CABB00832023 /* Preview Assets.xcassets in Resources */ = {isa = PBXBuildFile; fileRef = B503598C29A8CABB00832023 /* Preview Assets.xcassets */; };
		B503599929A8CC9100832023 /* CoreLocal in Frameworks */ = {isa = PBXBuildFile; productRef = B503599829A8CC9100832023 /* CoreLocal */; };
		B503599C29A8CFA700832023 /* FeaturePackage in Frameworks */ = {isa = PBXBuildFile; productRef = B503599B29A8CFA700832023 /* FeaturePackage */; };
		B503599F29A8D0A900832023 /* AppPackage in Frameworks */ = {isa = PBXBuildFile; productRef = B503599E29A8D0A900832023 /* AppPackage */; };
/* End PBXBuildFile section */

/* Begin PBXContainerItemProxy section */
		B50359BF29A8E73C00832023 /* PBXContainerItemProxy */ = {
			isa = PBXContainerItemProxy;
			containerPortal = B50359BB29A8E73C00832023 /* IsolatedFeatureProject.xcodeproj */;
			proxyType = 2;
			remoteGlobalIDString = B50359A929A8E73B00832023;
			remoteInfo = IsolatedFeatureProject;
		};
/* End PBXContainerItemProxy section */

/* Begin PBXFileReference section */
		B503598129A8CABA00832023 /* LayeredPackages.app */ = {isa = PBXFileReference; explicitFileType = wrapper.application; includeInIndex = 0; path = LayeredPackages.app; sourceTree = BUILT_PRODUCTS_DIR; };
		B503598429A8CABA00832023 /* LayeredPackagesApp.swift */ = {isa = PBXFileReference; lastKnownFileType = sourcecode.swift; path = LayeredPackagesApp.swift; sourceTree = "<group>"; };
		B503598629A8CABA00832023 /* ContentView.swift */ = {isa = PBXFileReference; lastKnownFileType = sourcecode.swift; path = ContentView.swift; sourceTree = "<group>"; };
		B503598829A8CABB00832023 /* Assets.xcassets */ = {isa = PBXFileReference; lastKnownFileType = folder.assetcatalog; path = Assets.xcassets; sourceTree = "<group>"; };
		B503598A29A8CABB00832023 /* LayeredPackages.entitlements */ = {isa = PBXFileReference; lastKnownFileType = text.plist.entitlements; path = LayeredPackages.entitlements; sourceTree = "<group>"; };
		B503598C29A8CABB00832023 /* Preview Assets.xcassets */ = {isa = PBXFileReference; lastKnownFileType = folder.assetcatalog; path = "Preview Assets.xcassets"; sourceTree = "<group>"; };
		B503599629A8CB2900832023 /* CoreLocal */ = {isa = PBXFileReference; lastKnownFileType = wrapper; name = CoreLocal; path = ../CoreLocal; sourceTree = "<group>"; };
		B503599A29A8CD5B00832023 /* FeaturePackage */ = {isa = PBXFileReference; lastKnownFileType = wrapper; name = FeaturePackage; path = ../../FeaturePackage; sourceTree = "<group>"; };
		B503599D29A8D04B00832023 /* AppPackage */ = {isa = PBXFileReference; lastKnownFileType = wrapper; name = AppPackage; path = ../AppPackage; sourceTree = "<group>"; };
		B50359BB29A8E73C00832023 /* IsolatedFeatureProject.xcodeproj */ = {isa = PBXFileReference; lastKnownFileType = "wrapper.pb-project"; name = IsolatedFeatureProject.xcodeproj; path = ../IsolatedFeatureProject/IsolatedFeatureProject.xcodeproj; sourceTree = "<group>"; };
/* End PBXFileReference section */

/* Begin PBXFrameworksBuildPhase section */
		B503597E29A8CABA00832023 /* Frameworks */ = {
			isa = PBXFrameworksBuildPhase;
			buildActionMask = 2147483647;
			files = (
				B503599C29A8CFA700832023 /* FeaturePackage in Frameworks */,
				B503599F29A8D0A900832023 /* AppPackage in Frameworks */,
				B503599929A8CC9100832023 /* CoreLocal in Frameworks */,
			);
			runOnlyForDeploymentPostprocessing = 0;
		};
/* End PBXFrameworksBuildPhase section */

/* Begin PBXGroup section */
		B503597829A8CABA00832023 = {
			isa = PBXGroup;
			children = (
				B50359BB29A8E73C00832023 /* IsolatedFeatureProject.xcodeproj */,
				B503599D29A8D04B00832023 /* AppPackage */,
				B503599629A8CB2900832023 /* CoreLocal */,
				B503598329A8CABA00832023 /* LayeredPackages */,
				B503598229A8CABA00832023 /* Products */,
				B503599729A8CC9100832023 /* Frameworks */,
			);
			sourceTree = "<group>";
		};
		B503598229A8CABA00832023 /* Products */ = {
			isa = PBXGroup;
			children = (
				B503598129A8CABA00832023 /* LayeredPackages.app */,
			);
			name = Products;
			sourceTree = "<group>";
		};
		B503598329A8CABA00832023 /* LayeredPackages */ = {
			isa = PBXGroup;
			children = (
				B503599A29A8CD5B00832023 /* FeaturePackage */,
				B503598429A8CABA00832023 /* LayeredPackagesApp.swift */,
				B503598629A8CABA00832023 /* ContentView.swift */,
				B503598829A8CABB00832023 /* Assets.xcassets */,
				B503598A29A8CABB00832023 /* LayeredPackages.entitlements */,
				B503598B29A8CABB00832023 /* Preview Content */,
			);
			path = LayeredPackages;
			sourceTree = "<group>";
		};
		B503598B29A8CABB00832023 /* Preview Content */ = {
			isa = PBXGroup;
			children = (
				B503598C29A8CABB00832023 /* Preview Assets.xcassets */,
			);
			path = "Preview Content";
			sourceTree = "<group>";
		};
		B503599729A8CC9100832023 /* Frameworks */ = {
			isa = PBXGroup;
			children = (
			);
			name = Frameworks;
			sourceTree = "<group>";
		};
		B50359BC29A8E73C00832023 /* Products */ = {
			isa = PBXGroup;
			children = (
				B50359C029A8E73C00832023 /* IsolatedFeatureProject.app */,
			);
			name = Products;
			sourceTree = "<group>";
		};
/* End PBXGroup section */

/* Begin PBXNativeTarget section */
		B503598029A8CABA00832023 /* LayeredPackages */ = {
			isa = PBXNativeTarget;
			buildConfigurationList = B503599029A8CABB00832023 /* Build configuration list for PBXNativeTarget "LayeredPackages" */;
			buildPhases = (
				B503597D29A8CABA00832023 /* Sources */,
				B503597E29A8CABA00832023 /* Frameworks */,
				B503597F29A8CABA00832023 /* Resources */,
			);
			buildRules = (
			);
			dependencies = (
			);
			name = LayeredPackages;
			packageProductDependencies = (
				B503599829A8CC9100832023 /* CoreLocal */,
				B503599B29A8CFA700832023 /* FeaturePackage */,
				B503599E29A8D0A900832023 /* AppPackage */,
			);
			productName = LayeredPackages;
			productReference = B503598129A8CABA00832023 /* LayeredPackages.app */;
			productType = "com.apple.product-type.application";
		};
/* End PBXNativeTarget section */

/* Begin PBXProject section */
		B503597929A8CABA00832023 /* Project object */ = {
			isa = PBXProject;
			attributes = {
				BuildIndependentTargetsInParallel = 1;
				LastSwiftUpdateCheck = 1420;
				LastUpgradeCheck = 1420;
				TargetAttributes = {
					B503598029A8CABA00832023 = {
						CreatedOnToolsVersion = 14.2;
					};
				};
			};
			buildConfigurationList = B503597C29A8CABA00832023 /* Build configuration list for PBXProject "LayeredPackages" */;
			compatibilityVersion = "Xcode 14.0";
			developmentRegion = en;
			hasScannedForEncodings = 0;
			knownRegions = (
				en,
				Base,
			);
			mainGroup = B503597829A8CABA00832023;
			productRefGroup = B503598229A8CABA00832023 /* Products */;
			projectDirPath = "";
			projectReferences = (
				{
					ProductGroup = B50359BC29A8E73C00832023 /* Products */;
					ProjectRef = B50359BB29A8E73C00832023 /* IsolatedFeatureProject.xcodeproj */;
				},
			);
			projectRoot = "";
			targets = (
				B503598029A8CABA00832023 /* LayeredPackages */,
			);
		};
/* End PBXProject section */

/* Begin PBXReferenceProxy section */
		B50359C029A8E73C00832023 /* IsolatedFeatureProject.app */ = {
			isa = PBXReferenceProxy;
			fileType = wrapper.application;
			path = IsolatedFeatureProject.app;
			remoteRef = B50359BF29A8E73C00832023 /* PBXContainerItemProxy */;
			sourceTree = BUILT_PRODUCTS_DIR;
		};
/* End PBXReferenceProxy section */

/* Begin PBXResourcesBuildPhase section */
		B503597F29A8CABA00832023 /* Resources */ = {
			isa = PBXResourcesBuildPhase;
			buildActionMask = 2147483647;
			files = (
				B503598D29A8CABB00832023 /* Preview Assets.xcassets in Resources */,
				B503598929A8CABB00832023 /* Assets.xcassets in Resources */,
			);
			runOnlyForDeploymentPostprocessing = 0;
		};
/* End PBXResourcesBuildPhase section */

/* Begin PBXSourcesBuildPhase section */
		B503597D29A8CABA00832023 /* Sources */ = {
			isa = PBXSourcesBuildPhase;
			buildActionMask = 2147483647;
			files = (
				B503598729A8CABA00832023 /* ContentView.swift in Sources */,
				B503598529A8CABA00832023 /* LayeredPackagesApp.swift in Sources */,
			);
			runOnlyForDeploymentPostprocessing = 0;
		};
/* End PBXSourcesBuildPhase section */

/* Begin XCBuildConfiguration section */
		B503598E29A8CABB00832023 /* Debug */ = {
			isa = XCBuildConfiguration;
			buildSettings = {
				ALWAYS_SEARCH_USER_PATHS = NO;
				CLANG_ANALYZER_NONNULL = YES;
				CLANG_ANALYZER_NUMBER_OBJECT_CONVERSION = YES_AGGRESSIVE;
				CLANG_CXX_LANGUAGE_STANDARD = "gnu++20";
				CLANG_ENABLE_MODULES = YES;
				CLANG_ENABLE_OBJC_ARC = YES;
				CLANG_ENABLE_OBJC_WEAK = YES;
				CLANG_WARN_BLOCK_CAPTURE_AUTORELEASING = YES;
				CLANG_WARN_BOOL_CONVERSION = YES;
				CLANG_WARN_COMMA = YES;
				CLANG_WARN_CONSTANT_CONVERSION = YES;
				CLANG_WARN_DEPRECATED_OBJC_IMPLEMENTATIONS = YES;
				CLANG_WARN_DIRECT_OBJC_ISA_USAGE = YES_ERROR;
				CLANG_WARN_DOCUMENTATION_COMMENTS = YES;
				CLANG_WARN_EMPTY_BODY = YES;
				CLANG_WARN_ENUM_CONVERSION = YES;
				CLANG_WARN_INFINITE_RECURSION = YES;
				CLANG_WARN_INT_CONVERSION = YES;
				CLANG_WARN_NON_LITERAL_NULL_CONVERSION = YES;
				CLANG_WARN_OBJC_IMPLICIT_RETAIN_SELF = YES;
				CLANG_WARN_OBJC_LITERAL_CONVERSION = YES;
				CLANG_WARN_OBJC_ROOT_CLASS = YES_ERROR;
				CLANG_WARN_QUOTED_INCLUDE_IN_FRAMEWORK_HEADER = YES;
				CLANG_WARN_RANGE_LOOP_ANALYSIS = YES;
				CLANG_WARN_STRICT_PROTOTYPES = YES;
				CLANG_WARN_SUSPICIOUS_MOVE = YES;
				CLANG_WARN_UNGUARDED_AVAILABILITY = YES_AGGRESSIVE;
				CLANG_WARN_UNREACHABLE_CODE = YES;
				CLANG_WARN__DUPLICATE_METHOD_MATCH = YES;
				COPY_PHASE_STRIP = NO;
				DEBUG_INFORMATION_FORMAT = dwarf;
				ENABLE_STRICT_OBJC_MSGSEND = YES;
				ENABLE_TESTABILITY = YES;
				GCC_C_LANGUAGE_STANDARD = gnu11;
				GCC_DYNAMIC_NO_PIC = NO;
				GCC_NO_COMMON_BLOCKS = YES;
				GCC_OPTIMIZATION_LEVEL = 0;
				GCC_PREPROCESSOR_DEFINITIONS = (
					"DEBUG=1",
					"$(inherited)",
				);
				GCC_WARN_64_TO_32_BIT_CONVERSION = YES;
				GCC_WARN_ABOUT_RETURN_TYPE = YES_ERROR;
				GCC_WARN_UNDECLARED_SELECTOR = YES;
				GCC_WARN_UNINITIALIZED_AUTOS = YES_AGGRESSIVE;
				GCC_WARN_UNUSED_FUNCTION = YES;
				GCC_WARN_UNUSED_VARIABLE = YES;
				MTL_ENABLE_DEBUG_INFO = INCLUDE_SOURCE;
				MTL_FAST_MATH = YES;
				ONLY_ACTIVE_ARCH = YES;
				SWIFT_ACTIVE_COMPILATION_CONDITIONS = DEBUG;
				SWIFT_OPTIMIZATION_LEVEL = "-Onone";
			};
			name = Debug;
		};
		B503598F29A8CABB00832023 /* Release */ = {
			isa = XCBuildConfiguration;
			buildSettings = {
				ALWAYS_SEARCH_USER_PATHS = NO;
				CLANG_ANALYZER_NONNULL = YES;
				CLANG_ANALYZER_NUMBER_OBJECT_CONVERSION = YES_AGGRESSIVE;
				CLANG_CXX_LANGUAGE_STANDARD = "gnu++20";
				CLANG_ENABLE_MODULES = YES;
				CLANG_ENABLE_OBJC_ARC = YES;
				CLANG_ENABLE_OBJC_WEAK = YES;
				CLANG_WARN_BLOCK_CAPTURE_AUTORELEASING = YES;
				CLANG_WARN_BOOL_CONVERSION = YES;
				CLANG_WARN_COMMA = YES;
				CLANG_WARN_CONSTANT_CONVERSION = YES;
				CLANG_WARN_DEPRECATED_OBJC_IMPLEMENTATIONS = YES;
				CLANG_WARN_DIRECT_OBJC_ISA_USAGE = YES_ERROR;
				CLANG_WARN_DOCUMENTATION_COMMENTS = YES;
				CLANG_WARN_EMPTY_BODY = YES;
				CLANG_WARN_ENUM_CONVERSION = YES;
				CLANG_WARN_INFINITE_RECURSION = YES;
				CLANG_WARN_INT_CONVERSION = YES;
				CLANG_WARN_NON_LITERAL_NULL_CONVERSION = YES;
				CLANG_WARN_OBJC_IMPLICIT_RETAIN_SELF = YES;
				CLANG_WARN_OBJC_LITERAL_CONVERSION = YES;
				CLANG_WARN_OBJC_ROOT_CLASS = YES_ERROR;
				CLANG_WARN_QUOTED_INCLUDE_IN_FRAMEWORK_HEADER = YES;
				CLANG_WARN_RANGE_LOOP_ANALYSIS = YES;
				CLANG_WARN_STRICT_PROTOTYPES = YES;
				CLANG_WARN_SUSPICIOUS_MOVE = YES;
				CLANG_WARN_UNGUARDED_AVAILABILITY = YES_AGGRESSIVE;
				CLANG_WARN_UNREACHABLE_CODE = YES;
				CLANG_WARN__DUPLICATE_METHOD_MATCH = YES;
				COPY_PHASE_STRIP = NO;
				DEBUG_INFORMATION_FORMAT = "dwarf-with-dsym";
				ENABLE_NS_ASSERTIONS = NO;
				ENABLE_STRICT_OBJC_MSGSEND = YES;
				GCC_C_LANGUAGE_STANDARD = gnu11;
				GCC_NO_COMMON_BLOCKS = YES;
				GCC_WARN_64_TO_32_BIT_CONVERSION = YES;
				GCC_WARN_ABOUT_RETURN_TYPE = YES_ERROR;
				GCC_WARN_UNDECLARED_SELECTOR = YES;
				GCC_WARN_UNINITIALIZED_AUTOS = YES_AGGRESSIVE;
				GCC_WARN_UNUSED_FUNCTION = YES;
				GCC_WARN_UNUSED_VARIABLE = YES;
				MTL_ENABLE_DEBUG_INFO = NO;
				MTL_FAST_MATH = YES;
				SWIFT_COMPILATION_MODE = wholemodule;
				SWIFT_OPTIMIZATION_LEVEL = "-O";
			};
			name = Release;
		};
		B503599129A8CABB00832023 /* Debug */ = {
			isa = XCBuildConfiguration;
			buildSettings = {
				ASSETCATALOG_COMPILER_APPICON_NAME = AppIcon;
				ASSETCATALOG_COMPILER_GLOBAL_ACCENT_COLOR_NAME = AccentColor;
				CODE_SIGN_ENTITLEMENTS = LayeredPackages/LayeredPackages.entitlements;
				CODE_SIGN_STYLE = Automatic;
				CURRENT_PROJECT_VERSION = 1;
				DEVELOPMENT_ASSET_PATHS = "\"LayeredPackages/Preview Content\"";
				DEVELOPMENT_TEAM = 5SK95ZM45K;
				ENABLE_HARDENED_RUNTIME = YES;
				ENABLE_PREVIEWS = YES;
				GENERATE_INFOPLIST_FILE = YES;
				"INFOPLIST_KEY_UIApplicationSceneManifest_Generation[sdk=iphoneos*]" = YES;
				"INFOPLIST_KEY_UIApplicationSceneManifest_Generation[sdk=iphonesimulator*]" = YES;
				"INFOPLIST_KEY_UIApplicationSupportsIndirectInputEvents[sdk=iphoneos*]" = YES;
				"INFOPLIST_KEY_UIApplicationSupportsIndirectInputEvents[sdk=iphonesimulator*]" = YES;
				"INFOPLIST_KEY_UILaunchScreen_Generation[sdk=iphoneos*]" = YES;
				"INFOPLIST_KEY_UILaunchScreen_Generation[sdk=iphonesimulator*]" = YES;
				"INFOPLIST_KEY_UIStatusBarStyle[sdk=iphoneos*]" = UIStatusBarStyleDefault;
				"INFOPLIST_KEY_UIStatusBarStyle[sdk=iphonesimulator*]" = UIStatusBarStyleDefault;
				INFOPLIST_KEY_UISupportedInterfaceOrientations_iPad = "UIInterfaceOrientationPortrait UIInterfaceOrientationPortraitUpsideDown UIInterfaceOrientationLandscapeLeft UIInterfaceOrientationLandscapeRight";
				INFOPLIST_KEY_UISupportedInterfaceOrientations_iPhone = "UIInterfaceOrientationPortrait UIInterfaceOrientationLandscapeLeft UIInterfaceOrientationLandscapeRight";
				IPHONEOS_DEPLOYMENT_TARGET = 16.2;
				LD_RUNPATH_SEARCH_PATHS = "@executable_path/Frameworks";
				"LD_RUNPATH_SEARCH_PATHS[sdk=macosx*]" = "@executable_path/../Frameworks";
				MACOSX_DEPLOYMENT_TARGET = 13.1;
				MARKETING_VERSION = 1.0;
				PRODUCT_BUNDLE_IDENTIFIER = com.mythosmegacorp.LayeredPackages;
				PRODUCT_NAME = "$(TARGET_NAME)";
				SDKROOT = auto;
				SUPPORTED_PLATFORMS = "iphoneos iphonesimulator macosx";
				SWIFT_EMIT_LOC_STRINGS = YES;
				SWIFT_VERSION = 5.0;
				TARGETED_DEVICE_FAMILY = "1,2";
			};
			name = Debug;
		};
		B503599229A8CABB00832023 /* Release */ = {
			isa = XCBuildConfiguration;
			buildSettings = {
				ASSETCATALOG_COMPILER_APPICON_NAME = AppIcon;
				ASSETCATALOG_COMPILER_GLOBAL_ACCENT_COLOR_NAME = AccentColor;
				CODE_SIGN_ENTITLEMENTS = LayeredPackages/LayeredPackages.entitlements;
				CODE_SIGN_STYLE = Automatic;
				CURRENT_PROJECT_VERSION = 1;
				DEVELOPMENT_ASSET_PATHS = "\"LayeredPackages/Preview Content\"";
				DEVELOPMENT_TEAM = 5SK95ZM45K;
				ENABLE_HARDENED_RUNTIME = YES;
				ENABLE_PREVIEWS = YES;
				GENERATE_INFOPLIST_FILE = YES;
				"INFOPLIST_KEY_UIApplicationSceneManifest_Generation[sdk=iphoneos*]" = YES;
				"INFOPLIST_KEY_UIApplicationSceneManifest_Generation[sdk=iphonesimulator*]" = YES;
				"INFOPLIST_KEY_UIApplicationSupportsIndirectInputEvents[sdk=iphoneos*]" = YES;
				"INFOPLIST_KEY_UIApplicationSupportsIndirectInputEvents[sdk=iphonesimulator*]" = YES;
				"INFOPLIST_KEY_UILaunchScreen_Generation[sdk=iphoneos*]" = YES;
				"INFOPLIST_KEY_UILaunchScreen_Generation[sdk=iphonesimulator*]" = YES;
				"INFOPLIST_KEY_UIStatusBarStyle[sdk=iphoneos*]" = UIStatusBarStyleDefault;
				"INFOPLIST_KEY_UIStatusBarStyle[sdk=iphonesimulator*]" = UIStatusBarStyleDefault;
				INFOPLIST_KEY_UISupportedInterfaceOrientations_iPad = "UIInterfaceOrientationPortrait UIInterfaceOrientationPortraitUpsideDown UIInterfaceOrientationLandscapeLeft UIInterfaceOrientationLandscapeRight";
				INFOPLIST_KEY_UISupportedInterfaceOrientations_iPhone = "UIInterfaceOrientationPortrait UIInterfaceOrientationLandscapeLeft UIInterfaceOrientationLandscapeRight";
				IPHONEOS_DEPLOYMENT_TARGET = 16.2;
				LD_RUNPATH_SEARCH_PATHS = "@executable_path/Frameworks";
				"LD_RUNPATH_SEARCH_PATHS[sdk=macosx*]" = "@executable_path/../Frameworks";
				MACOSX_DEPLOYMENT_TARGET = 13.1;
				MARKETING_VERSION = 1.0;
				PRODUCT_BUNDLE_IDENTIFIER = com.mythosmegacorp.LayeredPackages;
				PRODUCT_NAME = "$(TARGET_NAME)";
				SDKROOT = auto;
				SUPPORTED_PLATFORMS = "iphoneos iphonesimulator macosx";
				SWIFT_EMIT_LOC_STRINGS = YES;
				SWIFT_VERSION = 5.0;
				TARGETED_DEVICE_FAMILY = "1,2";
			};
			name = Release;
		};
/* End XCBuildConfiguration section */

/* Begin XCConfigurationList section */
		B503597C29A8CABA00832023 /* Build configuration list for PBXProject "LayeredPackages" */ = {
			isa = XCConfigurationList;
			buildConfigurations = (
				B503598E29A8CABB00832023 /* Debug */,
				B503598F29A8CABB00832023 /* Release */,
			);
			defaultConfigurationIsVisible = 0;
			defaultConfigurationName = Release;
		};
		B503599029A8CABB00832023 /* Build configuration list for PBXNativeTarget "LayeredPackages" */ = {
			isa = XCConfigurationList;
			buildConfigurations = (
				B503599129A8CABB00832023 /* Debug */,
				B503599229A8CABB00832023 /* Release */,
			);
			defaultConfigurationIsVisible = 0;
			defaultConfigurationName = Release;
		};
/* End XCConfigurationList section */

/* Begin XCSwiftPackageProductDependency section */
		B503599829A8CC9100832023 /* CoreLocal */ = {
			isa = XCSwiftPackageProductDependency;
			productName = CoreLocal;
		};
		B503599B29A8CFA700832023 /* FeaturePackage */ = {
			isa = XCSwiftPackageProductDependency;
			productName = FeaturePackage;
		};
		B503599E29A8D0A900832023 /* AppPackage */ = {
			isa = XCSwiftPackageProductDependency;
			productName = AppPackage;
		};
/* End XCSwiftPackageProductDependency section */
	};
	rootObject = B503597929A8CABA00832023 /* Project object */;
}
